{
<<<<<<< HEAD
  "name": "mythos-gates-ascension",
=======
  "name": "mythos-gates-ascension-ascension",
>>>>>>> 919bdc51 (Mythos Gates: Ascension — Full repo migration)
  "version": "0.6.9",
  "lockfileVersion": 3,
  "requires": true,
  "packages": {
    "": {
<<<<<<< HEAD
      "name": "mythos-gates-ascension",
=======
      "name": "mythos-gates-ascension-ascension",
>>>>>>> 919bdc51 (Mythos Gates: Ascension — Full repo migration)
      "version": "0.6.9",
      "engines": {
        "node": ">=20"
      }
    }
  }
}
